
Microsoft Visual Studio Solution File, Format Version 12.00
# Visual Studio 2012
Project("{FAE04EC0-301F-11D3-BF4B-00C04F79EFBC}") = "DigitizingDataWebService", "DigitizingDataWebService\DigitizingDataWebService.csproj", "{F79E3100-A87E-467D-AFA6-93D234CEA7D2}"
EndProject
Project("{FAE04EC0-301F-11D3-BF4B-00C04F79EFBC}") = "DigitizingDataBizLayer", "DigitizingDataBizLayer\DigitizingDataBizLayer.csproj", "{FA8A75D7-36D2-4A5A-AA7C-FE2E1E740D9B}"
EndProject
Project("{FAE04EC0-301F-11D3-BF4B-00C04F79EFBC}") = "DigitizingDataDomain", "DigitizingDataDomain\DigitizingDataDomain.csproj", "{D1E074DC-FE82-45FE-B8F3-E3D66E3AE91D}"
EndProject
Project("{FAE04EC0-301F-11D3-BF4B-00C04F79EFBC}") = "DigitizingDataAdminApp", "DigitizingDataAdminApp\DigitizingDataAdminApp.csproj", "{75724C19-D963-4AA3-B547-2FE96E9BBB28}"
EndProject
Project("{FAE04EC0-301F-11D3-BF4B-00C04F79EFBC}") = "DigitizingDataAdminWebService", "DigitizingDataAdminWebService\DigitizingDataAdminWebService.csproj", "{009094C9-D30B-4D1B-B95C-BEDE8C6B8F31}"
EndProject
Global
	GlobalSection(SolutionConfigurationPlatforms) = preSolution
		Debug|Any CPU = Debug|Any CPU
		Release|Any CPU = Release|Any CPU
	EndGlobalSection
	GlobalSection(ProjectConfigurationPlatforms) = postSolution
		{F79E3100-A87E-467D-AFA6-93D234CEA7D2}.Debug|Any CPU.ActiveCfg = Debug|Any CPU
		{F79E3100-A87E-467D-AFA6-93D234CEA7D2}.Debug|Any CPU.Build.0 = Debug|Any CPU
		{F79E3100-A87E-467D-AFA6-93D234CEA7D2}.Release|Any CPU.ActiveCfg = Release|Any CPU
		{F79E3100-A87E-467D-AFA6-93D234CEA7D2}.Release|Any CPU.Build.0 = Release|Any CPU
		{FA8A75D7-36D2-4A5A-AA7C-FE2E1E740D9B}.Debug|Any CPU.ActiveCfg = Debug|Any CPU
		{FA8A75D7-36D2-4A5A-AA7C-FE2E1E740D9B}.Debug|Any CPU.Build.0 = Debug|Any CPU
		{FA8A75D7-36D2-4A5A-AA7C-FE2E1E740D9B}.Release|Any CPU.ActiveCfg = Release|Any CPU
		{FA8A75D7-36D2-4A5A-AA7C-FE2E1E740D9B}.Release|Any CPU.Build.0 = Release|Any CPU
		{D1E074DC-FE82-45FE-B8F3-E3D66E3AE91D}.Debug|Any CPU.ActiveCfg = Debug|Any CPU
		{D1E074DC-FE82-45FE-B8F3-E3D66E3AE91D}.Debug|Any CPU.Build.0 = Debug|Any CPU
		{D1E074DC-FE82-45FE-B8F3-E3D66E3AE91D}.Release|Any CPU.ActiveCfg = Release|Any CPU
		{D1E074DC-FE82-45FE-B8F3-E3D66E3AE91D}.Release|Any CPU.Build.0 = Release|Any CPU
		{75724C19-D963-4AA3-B547-2FE96E9BBB28}.Debug|Any CPU.ActiveCfg = Debug|Any CPU
		{75724C19-D963-4AA3-B547-2FE96E9BBB28}.Debug|Any CPU.Build.0 = Debug|Any CPU
		{75724C19-D963-4AA3-B547-2FE96E9BBB28}.Release|Any CPU.ActiveCfg = Release|Any CPU
		{75724C19-D963-4AA3-B547-2FE96E9BBB28}.Release|Any CPU.Build.0 = Release|Any CPU
		{009094C9-D30B-4D1B-B95C-BEDE8C6B8F31}.Debug|Any CPU.ActiveCfg = Debug|Any CPU
		{009094C9-D30B-4D1B-B95C-BEDE8C6B8F31}.Debug|Any CPU.Build.0 = Debug|Any CPU
		{009094C9-D30B-4D1B-B95C-BEDE8C6B8F31}.Release|Any CPU.ActiveCfg = Release|Any CPU
		{009094C9-D30B-4D1B-B95C-BEDE8C6B8F31}.Release|Any CPU.Build.0 = Release|Any CPU
	EndGlobalSection
	GlobalSection(SolutionProperties) = preSolution
		HideSolutionNode = FALSE
	EndGlobalSection
EndGlobal
